
Microsoft Visual Studio Solution File, Format Version 12.00
# Visual Studio 15
VisualStudioVersion = 15.0.28307.168
MinimumVisualStudioVersion = 10.0.40219.1
Project("{FAE04EC0-301F-11D3-BF4B-00C04F79EFBC}") = "ASP_hw_inDriver_jwt", "ASP_hw_inDriver_jwt\ASP_hw_inDriver_jwt.csproj", "{D2101B27-8B77-4285-B1F0-AC4EFE63B68D}"
EndProject
Global
	GlobalSection(SolutionConfigurationPlatforms) = preSolution
		Debug|Any CPU = Debug|Any CPU
		Release|Any CPU = Release|Any CPU
	EndGlobalSection
	GlobalSection(ProjectConfigurationPlatforms) = postSolution
		{D2101B27-8B77-4285-B1F0-AC4EFE63B68D}.Debug|Any CPU.ActiveCfg = Debug|Any CPU
		{D2101B27-8B77-4285-B1F0-AC4EFE63B68D}.Debug|Any CPU.Build.0 = Debug|Any CPU
		{D2101B27-8B77-4285-B1F0-AC4EFE63B68D}.Release|Any CPU.ActiveCfg = Release|Any CPU
		{D2101B27-8B77-4285-B1F0-AC4EFE63B68D}.Release|Any CPU.Build.0 = Release|Any CPU
	EndGlobalSection
	GlobalSection(SolutionProperties) = preSolution
		HideSolutionNode = FALSE
	EndGlobalSection
	GlobalSection(ExtensibilityGlobals) = postSolution
		SolutionGuid = {1B520E82-7704-43F4-BD0C-5C62F058104C}
	EndGlobalSection
EndGlobal
